
Microsoft Visual Studio Solution File, Format Version 12.00
# Visual Studio Version 17
VisualStudioVersion = 17.13.35931.197 d17.13
MinimumVisualStudioVersion = 10.0.40219.1
Project("{8BC9CEB8-8B4A-11D0-8D11-00A0C91BC942}") = "mergedChapter2", "mergedChapter2\mergedChapter2.vcxproj", "{D89FA367-85AD-44AB-9FCE-6372C3A47B2B}"
EndProject
Global
	GlobalSection(SolutionConfigurationPlatforms) = preSolution
		Debug|x64 = Debug|x64
		Debug|x86 = Debug|x86
		Release|x64 = Release|x64
		Release|x86 = Release|x86
	EndGlobalSection
	GlobalSection(ProjectConfigurationPlatforms) = postSolution
		{D89FA367-85AD-44AB-9FCE-6372C3A47B2B}.Debug|x64.ActiveCfg = Debug|x64
		{D89FA367-85AD-44AB-9FCE-6372C3A47B2B}.Debug|x64.Build.0 = Debug|x64
		{D89FA367-85AD-44AB-9FCE-6372C3A47B2B}.Debug|x86.ActiveCfg = Debug|Win32
		{D89FA367-85AD-44AB-9FCE-6372C3A47B2B}.Debug|x86.Build.0 = Debug|Win32
		{D89FA367-85AD-44AB-9FCE-6372C3A47B2B}.Release|x64.ActiveCfg = Release|x64
		{D89FA367-85AD-44AB-9FCE-6372C3A47B2B}.Release|x64.Build.0 = Release|x64
		{D89FA367-85AD-44AB-9FCE-6372C3A47B2B}.Release|x86.ActiveCfg = Release|Win32
		{D89FA367-85AD-44AB-9FCE-6372C3A47B2B}.Release|x86.Build.0 = Release|Win32
	EndGlobalSection
	GlobalSection(SolutionProperties) = preSolution
		HideSolutionNode = FALSE
	EndGlobalSection
	GlobalSection(ExtensibilityGlobals) = postSolution
		SolutionGuid = {35C8DD6E-10AA-4498-A472-5C336496F1EE}
	EndGlobalSection
EndGlobal
